
Microsoft Visual Studio Solution File, Format Version 12.00
# Visual Studio Version 17
VisualStudioVersion = 17.14.36623.8 d17.14
MinimumVisualStudioVersion = 10.0.40219.1
Project("{2150E333-8FDC-42A3-9474-1A3956D46DE8}") = "Task0", "Task0", "{02EA681E-C7D8-13C7-8484-4AC65E1B71E8}"
EndProject
Project("{FAE04EC0-301F-11D3-BF4B-00C04F79EFBC}") = "Tyuiu.SoldatovaPA.Sprint3.Task0.V16", "Tyuiu.SoldatovaPA.Sprint3.Task0.V16\Tyuiu.SoldatovaPA.Sprint3.Task0.V16.csproj", "{611A8C80-ACF6-4E2E-B7B0-52A964522863}"
EndProject
Project("{FAE04EC0-301F-11D3-BF4B-00C04F79EFBC}") = "Tyuiu.SoldatovaPA.Sprint3.Task0.V16.Lib", "Tyuiu.SoldatovaPA.Sprint3.Task0.V16.Lib\Tyuiu.SoldatovaPA.Sprint3.Task0.V16.Lib.csproj", "{71562B65-3147-4BD3-BA27-8D3AE3F67818}"
EndProject
Project("{FAE04EC0-301F-11D3-BF4B-00C04F79EFBC}") = "Tyuiu.SoldatovaPA.Sprint3.Task0.V16.Test", "Tyuiu.SoldatovaPA.Sprint3.Task0.V16.Test\Tyuiu.SoldatovaPA.Sprint3.Task0.V16.Test.csproj", "{A786AA41-C3D0-4F7E-B6DC-6CBF07756449}"
EndProject
Project("{2150E333-8FDC-42A3-9474-1A3956D46DE8}") = "Task1", "Task1", "{CA6AE348-CB51-46D6-82C0-61B9228416EE}"
EndProject
Project("{FAE04EC0-301F-11D3-BF4B-00C04F79EFBC}") = "Tyuiu.SoldatovaPA.Sprint3.Task1.V10", "Tyuiu.SoldatovaPA.Sprint3.Task1.V10\Tyuiu.SoldatovaPA.Sprint3.Task1.V10.csproj", "{C98A0C23-5C7C-451D-8503-1DA9C9660CF6}"
EndProject
Project("{FAE04EC0-301F-11D3-BF4B-00C04F79EFBC}") = "Tyuiu.SoldatovaPA.Sprint3.Task1.V10.Lib", "Tyuiu.SoldatovaPA.Sprint3.Task1.V10.Lib\Tyuiu.SoldatovaPA.Sprint3.Task1.V10.Lib.csproj", "{3E601978-A118-44E8-85A9-71DAFC3F101D}"
EndProject
Project("{FAE04EC0-301F-11D3-BF4B-00C04F79EFBC}") = "Tyuiu.SoldatovaPA.Sprint3.Task1.V10.Test", "Tyuiu.SoldatovaPA.Sprint3.Task1.V10.Test\Tyuiu.SoldatovaPA.Sprint3.Task1.V10.Test.csproj", "{4A3E4A95-B81F-4F23-8464-2B88F43CE88F}"
EndProject
Project("{2150E333-8FDC-42A3-9474-1A3956D46DE8}") = "Task2", "Task2", "{3C92399E-3EC0-492B-A15A-0A2E4504A1CB}"
EndProject
Project("{FAE04EC0-301F-11D3-BF4B-00C04F79EFBC}") = "Tyuiu.SoldatovaPA.Sprint3.Task2.V23", "Tyuiu.SoldatovaPA.Sprint3.Task2.V23\Tyuiu.SoldatovaPA.Sprint3.Task2.V23.csproj", "{F4AAC697-7F25-4892-BD1E-93C638948230}"
EndProject
Project("{FAE04EC0-301F-11D3-BF4B-00C04F79EFBC}") = "Tyuiu.SoldatovaPA.Sprint3.Task2.V23.Lib", "Tyuiu.SoldatovaPA.Sprint3.Task2.V23.Lib\Tyuiu.SoldatovaPA.Sprint3.Task2.V23.Lib.csproj", "{36EAD0CC-8E5C-4C59-9E41-2CD8926AD059}"
EndProject
Project("{FAE04EC0-301F-11D3-BF4B-00C04F79EFBC}") = "Tyuiu.SoldatovaPA.Sprint3.Task2.V23.Test", "Tyuiu.SoldatovaPA.Sprint3.Task2.V23.Test\Tyuiu.SoldatovaPA.Sprint3.Task2.V23.Test.csproj", "{301CCE4C-3017-4F48-9A77-C792299580FF}"
EndProject
Project("{2150E333-8FDC-42A3-9474-1A3956D46DE8}") = "Task3", "Task3", "{FA804546-7A82-4F02-A859-F68BEF01C474}"
EndProject
Project("{FAE04EC0-301F-11D3-BF4B-00C04F79EFBC}") = "Tyuiu.SoldatovaPA.Sprint3.Task3.V20", "Tyuiu.SoldatovaPA.Sprint3.Task3.V20\Tyuiu.SoldatovaPA.Sprint3.Task3.V20.csproj", "{EA54ADFC-D43E-45F3-833E-4ED14FCEAFF5}"
EndProject
Project("{FAE04EC0-301F-11D3-BF4B-00C04F79EFBC}") = "Tyuiu.SoldatovaPA.Sprint3.Task3.V20.Lib", "Tyuiu.SoldatovaPA.Sprint3.Task3.V20.Lib\Tyuiu.SoldatovaPA.Sprint3.Task3.V20.Lib.csproj", "{391C38DD-5F2C-4FB9-98BA-B5AD8151A38F}"
EndProject
Project("{FAE04EC0-301F-11D3-BF4B-00C04F79EFBC}") = "Tyuiu.SoldatovaPA.Sprint3.Task3.V20.Test", "Tyuiu.SoldatovaPA.Sprint3.Task3.V20.Test\Tyuiu.SoldatovaPA.Sprint3.Task3.V20.Test.csproj", "{146C91B4-15B9-42F4-BF24-0D2BEAE7CC21}"
EndProject
Project("{2150E333-8FDC-42A3-9474-1A3956D46DE8}") = "Task4", "Task4", "{B0D89DBB-245B-4493-AB46-40F01B2826BB}"
EndProject
Project("{FAE04EC0-301F-11D3-BF4B-00C04F79EFBC}") = "Tyuiu.SoldatovaPA.Sprint3.Task4.V27", "Tyuiu.SoldatovaPA.Sprint3.Task4.V27\Tyuiu.SoldatovaPA.Sprint3.Task4.V27.csproj", "{A343902E-F7FB-4525-AE50-3D47519E6FD2}"
EndProject
Project("{FAE04EC0-301F-11D3-BF4B-00C04F79EFBC}") = "Tyuiu.SoldatovaPA.Sprint3.Task4.V27.Lib", "Tyuiu.SoldatovaPA.Sprint3.Task4.V27.Lib\Tyuiu.SoldatovaPA.Sprint3.Task4.V27.Lib.csproj", "{D0FDA546-D2C3-49E1-826D-440EFA5A3942}"
EndProject
Project("{FAE04EC0-301F-11D3-BF4B-00C04F79EFBC}") = "Tyuiu.SoldatovaPA.Sprint3.Task4.V27.Test", "Tyuiu.SoldatovaPA.Sprint3.Task4.V27.Test\Tyuiu.SoldatovaPA.Sprint3.Task4.V27.Test.csproj", "{8316D2E9-2163-44C3-8772-8D9A7BE4BA95}"
EndProject
Project("{2150E333-8FDC-42A3-9474-1A3956D46DE8}") = "Task5", "Task5", "{D978B9C9-065B-48D7-AA9F-08E953788B7B}"
EndProject
Project("{FAE04EC0-301F-11D3-BF4B-00C04F79EFBC}") = "Tyuiu.SoldatovaPA.Sprint3.Task5.V25", "Tyuiu.SoldatovaPA.Sprint3.Task5.V25\Tyuiu.SoldatovaPA.Sprint3.Task5.V25.csproj", "{7FF8B243-4840-420C-8CA3-CBF9C4743089}"
EndProject
Project("{FAE04EC0-301F-11D3-BF4B-00C04F79EFBC}") = "Tyuiu.SoldatovaPA.Sprint3.Task5.V25.Lib", "Tyuiu.SoldatovaPA.Sprint3.Task5.V25.Lib\Tyuiu.SoldatovaPA.Sprint3.Task5.V25.Lib.csproj", "{7DD11D89-D895-4BB8-A63F-37B26A14BBAC}"
EndProject
Project("{FAE04EC0-301F-11D3-BF4B-00C04F79EFBC}") = "Tyuiu.SoldatovaPA.Sprint3.Task5.V25.Test", "Tyuiu.SoldatovaPA.Sprint3.Task5.V25.Test\Tyuiu.SoldatovaPA.Sprint3.Task5.V25.Test.csproj", "{54CBE862-84B9-41A5-89A8-290DB90D7C4B}"
EndProject
Project("{2150E333-8FDC-42A3-9474-1A3956D46DE8}") = "Task6", "Task6", "{7198872F-C7D7-4E52-8F93-093F4AB5B2DB}"
EndProject
Project("{FAE04EC0-301F-11D3-BF4B-00C04F79EFBC}") = "Tyuiu.SoldatovaPA.Sprint3.Task6.V30", "Tyuiu.SoldatovaPA.Sprint3.Task6.V30\Tyuiu.SoldatovaPA.Sprint3.Task6.V30.csproj", "{CA03ED67-120D-4865-950F-CFF0A38CC776}"
EndProject
Project("{FAE04EC0-301F-11D3-BF4B-00C04F79EFBC}") = "Tyuiu.SoldatovaPA.Sprint3.Task6.V30.Lib", "Tyuiu.SoldatovaPA.Sprint3.Task6.V30.Lib\Tyuiu.SoldatovaPA.Sprint3.Task6.V30.Lib.csproj", "{FAA1A5B5-B460-483B-AF9B-8B1D48AA549E}"
EndProject
Project("{FAE04EC0-301F-11D3-BF4B-00C04F79EFBC}") = "Tyuiu.SoldatovaPA.Sprint3.Task6.V30.Test", "Tyuiu.SoldatovaPA.Sprint3.Task6.V30.Test\Tyuiu.SoldatovaPA.Sprint3.Task6.V30.Test.csproj", "{3A2243AD-1BD1-4575-AB2F-16A42FD67612}"
EndProject
Global
	GlobalSection(SolutionConfigurationPlatforms) = preSolution
		Debug|Any CPU = Debug|Any CPU
		Release|Any CPU = Release|Any CPU
	EndGlobalSection
	GlobalSection(ProjectConfigurationPlatforms) = postSolution
		{611A8C80-ACF6-4E2E-B7B0-52A964522863}.Debug|Any CPU.ActiveCfg = Debug|Any CPU
		{611A8C80-ACF6-4E2E-B7B0-52A964522863}.Debug|Any CPU.Build.0 = Debug|Any CPU
		{611A8C80-ACF6-4E2E-B7B0-52A964522863}.Release|Any CPU.ActiveCfg = Release|Any CPU
		{611A8C80-ACF6-4E2E-B7B0-52A964522863}.Release|Any CPU.Build.0 = Release|Any CPU
		{71562B65-3147-4BD3-BA27-8D3AE3F67818}.Debug|Any CPU.ActiveCfg = Debug|Any CPU
		{71562B65-3147-4BD3-BA27-8D3AE3F67818}.Debug|Any CPU.Build.0 = Debug|Any CPU
		{71562B65-3147-4BD3-BA27-8D3AE3F67818}.Release|Any CPU.ActiveCfg = Release|Any CPU
		{71562B65-3147-4BD3-BA27-8D3AE3F67818}.Release|Any CPU.Build.0 = Release|Any CPU
		{A786AA41-C3D0-4F7E-B6DC-6CBF07756449}.Debug|Any CPU.ActiveCfg = Debug|Any CPU
		{A786AA41-C3D0-4F7E-B6DC-6CBF07756449}.Debug|Any CPU.Build.0 = Debug|Any CPU
		{A786AA41-C3D0-4F7E-B6DC-6CBF07756449}.Release|Any CPU.ActiveCfg = Release|Any CPU
		{A786AA41-C3D0-4F7E-B6DC-6CBF07756449}.Release|Any CPU.Build.0 = Release|Any CPU
		{C98A0C23-5C7C-451D-8503-1DA9C9660CF6}.Debug|Any CPU.ActiveCfg = Debug|Any CPU
		{C98A0C23-5C7C-451D-8503-1DA9C9660CF6}.Debug|Any CPU.Build.0 = Debug|Any CPU
		{C98A0C23-5C7C-451D-8503-1DA9C9660CF6}.Release|Any CPU.ActiveCfg = Release|Any CPU
		{C98A0C23-5C7C-451D-8503-1DA9C9660CF6}.Release|Any CPU.Build.0 = Release|Any CPU
		{3E601978-A118-44E8-85A9-71DAFC3F101D}.Debug|Any CPU.ActiveCfg = Debug|Any CPU
		{3E601978-A118-44E8-85A9-71DAFC3F101D}.Debug|Any CPU.Build.0 = Debug|Any CPU
		{3E601978-A118-44E8-85A9-71DAFC3F101D}.Release|Any CPU.ActiveCfg = Release|Any CPU
		{3E601978-A118-44E8-85A9-71DAFC3F101D}.Release|Any CPU.Build.0 = Release|Any CPU
		{4A3E4A95-B81F-4F23-8464-2B88F43CE88F}.Debug|Any CPU.ActiveCfg = Debug|Any CPU
		{4A3E4A95-B81F-4F23-8464-2B88F43CE88F}.Debug|Any CPU.Build.0 = Debug|Any CPU
		{4A3E4A95-B81F-4F23-8464-2B88F43CE88F}.Release|Any CPU.ActiveCfg = Release|Any CPU
		{4A3E4A95-B81F-4F23-8464-2B88F43CE88F}.Release|Any CPU.Build.0 = Release|Any CPU
		{F4AAC697-7F25-4892-BD1E-93C638948230}.Debug|Any CPU.ActiveCfg = Debug|Any CPU
		{F4AAC697-7F25-4892-BD1E-93C638948230}.Debug|Any CPU.Build.0 = Debug|Any CPU
		{F4AAC697-7F25-4892-BD1E-93C638948230}.Release|Any CPU.ActiveCfg = Release|Any CPU
		{F4AAC697-7F25-4892-BD1E-93C638948230}.Release|Any CPU.Build.0 = Release|Any CPU
		{36EAD0CC-8E5C-4C59-9E41-2CD8926AD059}.Debug|Any CPU.ActiveCfg = Debug|Any CPU
		{36EAD0CC-8E5C-4C59-9E41-2CD8926AD059}.Debug|Any CPU.Build.0 = Debug|Any CPU
		{36EAD0CC-8E5C-4C59-9E41-2CD8926AD059}.Release|Any CPU.ActiveCfg = Release|Any CPU
		{36EAD0CC-8E5C-4C59-9E41-2CD8926AD059}.Release|Any CPU.Build.0 = Release|Any CPU
		{301CCE4C-3017-4F48-9A77-C792299580FF}.Debug|Any CPU.ActiveCfg = Debug|Any CPU
		{301CCE4C-3017-4F48-9A77-C792299580FF}.Debug|Any CPU.Build.0 = Debug|Any CPU
		{301CCE4C-3017-4F48-9A77-C792299580FF}.Release|Any CPU.ActiveCfg = Release|Any CPU
		{301CCE4C-3017-4F48-9A77-C792299580FF}.Release|Any CPU.Build.0 = Release|Any CPU
		{EA54ADFC-D43E-45F3-833E-4ED14FCEAFF5}.Debug|Any CPU.ActiveCfg = Debug|Any CPU
		{EA54ADFC-D43E-45F3-833E-4ED14FCEAFF5}.Debug|Any CPU.Build.0 = Debug|Any CPU
		{EA54ADFC-D43E-45F3-833E-4ED14FCEAFF5}.Release|Any CPU.ActiveCfg = Release|Any CPU
		{EA54ADFC-D43E-45F3-833E-4ED14FCEAFF5}.Release|Any CPU.Build.0 = Release|Any CPU
		{391C38DD-5F2C-4FB9-98BA-B5AD8151A38F}.Debug|Any CPU.ActiveCfg = Debug|Any CPU
		{391C38DD-5F2C-4FB9-98BA-B5AD8151A38F}.Debug|Any CPU.Build.0 = Debug|Any CPU
		{391C38DD-5F2C-4FB9-98BA-B5AD8151A38F}.Release|Any CPU.ActiveCfg = Release|Any CPU
		{391C38DD-5F2C-4FB9-98BA-B5AD8151A38F}.Release|Any CPU.Build.0 = Release|Any CPU
		{146C91B4-15B9-42F4-BF24-0D2BEAE7CC21}.Debug|Any CPU.ActiveCfg = Debug|Any CPU
		{146C91B4-15B9-42F4-BF24-0D2BEAE7CC21}.Debug|Any CPU.Build.0 = Debug|Any CPU
		{146C91B4-15B9-42F4-BF24-0D2BEAE7CC21}.Release|Any CPU.ActiveCfg = Release|Any CPU
		{146C91B4-15B9-42F4-BF24-0D2BEAE7CC21}.Release|Any CPU.Build.0 = Release|Any CPU
		{A343902E-F7FB-4525-AE50-3D47519E6FD2}.Debug|Any CPU.ActiveCfg = Debug|Any CPU
		{A343902E-F7FB-4525-AE50-3D47519E6FD2}.Debug|Any CPU.Build.0 = Debug|Any CPU
		{A343902E-F7FB-4525-AE50-3D47519E6FD2}.Release|Any CPU.ActiveCfg = Release|Any CPU
		{A343902E-F7FB-4525-AE50-3D47519E6FD2}.Release|Any CPU.Build.0 = Release|Any CPU
		{D0FDA546-D2C3-49E1-826D-440EFA5A3942}.Debug|Any CPU.ActiveCfg = Debug|Any CPU
		{D0FDA546-D2C3-49E1-826D-440EFA5A3942}.Debug|Any CPU.Build.0 = Debug|Any CPU
		{D0FDA546-D2C3-49E1-826D-440EFA5A3942}.Release|Any CPU.ActiveCfg = Release|Any CPU
		{D0FDA546-D2C3-49E1-826D-440EFA5A3942}.Release|Any CPU.Build.0 = Release|Any CPU
		{8316D2E9-2163-44C3-8772-8D9A7BE4BA95}.Debug|Any CPU.ActiveCfg = Debug|Any CPU
		{8316D2E9-2163-44C3-8772-8D9A7BE4BA95}.Debug|Any CPU.Build.0 = Debug|Any CPU
		{8316D2E9-2163-44C3-8772-8D9A7BE4BA95}.Release|Any CPU.ActiveCfg = Release|Any CPU
		{8316D2E9-2163-44C3-8772-8D9A7BE4BA95}.Release|Any CPU.Build.0 = Release|Any CPU
		{7FF8B243-4840-420C-8CA3-CBF9C4743089}.Debug|Any CPU.ActiveCfg = Debug|Any CPU
		{7FF8B243-4840-420C-8CA3-CBF9C4743089}.Debug|Any CPU.Build.0 = Debug|Any CPU
		{7FF8B243-4840-420C-8CA3-CBF9C4743089}.Release|Any CPU.ActiveCfg = Release|Any CPU
		{7FF8B243-4840-420C-8CA3-CBF9C4743089}.Release|Any CPU.Build.0 = Release|Any CPU
		{7DD11D89-D895-4BB8-A63F-37B26A14BBAC}.Debug|Any CPU.ActiveCfg = Debug|Any CPU
		{7DD11D89-D895-4BB8-A63F-37B26A14BBAC}.Debug|Any CPU.Build.0 = Debug|Any CPU
		{7DD11D89-D895-4BB8-A63F-37B26A14BBAC}.Release|Any CPU.ActiveCfg = Release|Any CPU
		{7DD11D89-D895-4BB8-A63F-37B26A14BBAC}.Release|Any CPU.Build.0 = Release|Any CPU
		{54CBE862-84B9-41A5-89A8-290DB90D7C4B}.Debug|Any CPU.ActiveCfg = Debug|Any CPU
		{54CBE862-84B9-41A5-89A8-290DB90D7C4B}.Debug|Any CPU.Build.0 = Debug|Any CPU
		{54CBE862-84B9-41A5-89A8-290DB90D7C4B}.Release|Any CPU.ActiveCfg = Release|Any CPU
		{54CBE862-84B9-41A5-89A8-290DB90D7C4B}.Release|Any CPU.Build.0 = Release|Any CPU
		{CA03ED67-120D-4865-950F-CFF0A38CC776}.Debug|Any CPU.ActiveCfg = Debug|Any CPU
		{CA03ED67-120D-4865-950F-CFF0A38CC776}.Debug|Any CPU.Build.0 = Debug|Any CPU
		{CA03ED67-120D-4865-950F-CFF0A38CC776}.Release|Any CPU.ActiveCfg = Release|Any CPU
		{CA03ED67-120D-4865-950F-CFF0A38CC776}.Release|Any CPU.Build.0 = Release|Any CPU
		{FAA1A5B5-B460-483B-AF9B-8B1D48AA549E}.Debug|Any CPU.ActiveCfg = Debug|Any CPU
		{FAA1A5B5-B460-483B-AF9B-8B1D48AA549E}.Debug|Any CPU.Build.0 = Debug|Any CPU
		{FAA1A5B5-B460-483B-AF9B-8B1D48AA549E}.Release|Any CPU.ActiveCfg = Release|Any CPU
		{FAA1A5B5-B460-483B-AF9B-8B1D48AA549E}.Release|Any CPU.Build.0 = Release|Any CPU
		{3A2243AD-1BD1-4575-AB2F-16A42FD67612}.Debug|Any CPU.ActiveCfg = Debug|Any CPU
		{3A2243AD-1BD1-4575-AB2F-16A42FD67612}.Debug|Any CPU.Build.0 = Debug|Any CPU
		{3A2243AD-1BD1-4575-AB2F-16A42FD67612}.Release|Any CPU.ActiveCfg = Release|Any CPU
		{3A2243AD-1BD1-4575-AB2F-16A42FD67612}.Release|Any CPU.Build.0 = Release|Any CPU
	EndGlobalSection
	GlobalSection(SolutionProperties) = preSolution
		HideSolutionNode = FALSE
	EndGlobalSection
	GlobalSection(NestedProjects) = preSolution
		{611A8C80-ACF6-4E2E-B7B0-52A964522863} = {02EA681E-C7D8-13C7-8484-4AC65E1B71E8}
		{71562B65-3147-4BD3-BA27-8D3AE3F67818} = {02EA681E-C7D8-13C7-8484-4AC65E1B71E8}
		{A786AA41-C3D0-4F7E-B6DC-6CBF07756449} = {02EA681E-C7D8-13C7-8484-4AC65E1B71E8}
		{C98A0C23-5C7C-451D-8503-1DA9C9660CF6} = {CA6AE348-CB51-46D6-82C0-61B9228416EE}
		{3E601978-A118-44E8-85A9-71DAFC3F101D} = {CA6AE348-CB51-46D6-82C0-61B9228416EE}
		{4A3E4A95-B81F-4F23-8464-2B88F43CE88F} = {CA6AE348-CB51-46D6-82C0-61B9228416EE}
		{F4AAC697-7F25-4892-BD1E-93C638948230} = {3C92399E-3EC0-492B-A15A-0A2E4504A1CB}
		{36EAD0CC-8E5C-4C59-9E41-2CD8926AD059} = {3C92399E-3EC0-492B-A15A-0A2E4504A1CB}
		{301CCE4C-3017-4F48-9A77-C792299580FF} = {3C92399E-3EC0-492B-A15A-0A2E4504A1CB}
		{EA54ADFC-D43E-45F3-833E-4ED14FCEAFF5} = {FA804546-7A82-4F02-A859-F68BEF01C474}
		{391C38DD-5F2C-4FB9-98BA-B5AD8151A38F} = {FA804546-7A82-4F02-A859-F68BEF01C474}
		{146C91B4-15B9-42F4-BF24-0D2BEAE7CC21} = {FA804546-7A82-4F02-A859-F68BEF01C474}
		{A343902E-F7FB-4525-AE50-3D47519E6FD2} = {B0D89DBB-245B-4493-AB46-40F01B2826BB}
		{D0FDA546-D2C3-49E1-826D-440EFA5A3942} = {B0D89DBB-245B-4493-AB46-40F01B2826BB}
		{8316D2E9-2163-44C3-8772-8D9A7BE4BA95} = {B0D89DBB-245B-4493-AB46-40F01B2826BB}
		{7FF8B243-4840-420C-8CA3-CBF9C4743089} = {D978B9C9-065B-48D7-AA9F-08E953788B7B}
		{7DD11D89-D895-4BB8-A63F-37B26A14BBAC} = {D978B9C9-065B-48D7-AA9F-08E953788B7B}
		{54CBE862-84B9-41A5-89A8-290DB90D7C4B} = {D978B9C9-065B-48D7-AA9F-08E953788B7B}
		{CA03ED67-120D-4865-950F-CFF0A38CC776} = {7198872F-C7D7-4E52-8F93-093F4AB5B2DB}
		{FAA1A5B5-B460-483B-AF9B-8B1D48AA549E} = {7198872F-C7D7-4E52-8F93-093F4AB5B2DB}
		{3A2243AD-1BD1-4575-AB2F-16A42FD67612} = {7198872F-C7D7-4E52-8F93-093F4AB5B2DB}
	EndGlobalSection
	GlobalSection(ExtensibilityGlobals) = postSolution
		SolutionGuid = {CFB5B3A6-E380-4A3A-BA83-C9B4E76E3551}
	EndGlobalSection
EndGlobal
